
Microsoft Visual Studio Solution File, Format Version 12.00
# Visual Studio Version 17
VisualStudioVersion = 17.11.35312.102
MinimumVisualStudioVersion = 10.0.40219.1
Project("{FAE04EC0-301F-11D3-BF4B-00C04F79EFBC}") = "Vetores", "Vetores\Vetores.csproj", "{75AC935D-25D5-48B2-847C-592E867D1E3A}"
EndProject
Global
	GlobalSection(SolutionConfigurationPlatforms) = preSolution
		Debug|Any CPU = Debug|Any CPU
		Release|Any CPU = Release|Any CPU
	EndGlobalSection
	GlobalSection(ProjectConfigurationPlatforms) = postSolution
		{75AC935D-25D5-48B2-847C-592E867D1E3A}.Debug|Any CPU.ActiveCfg = Debug|Any CPU
		{75AC935D-25D5-48B2-847C-592E867D1E3A}.Debug|Any CPU.Build.0 = Debug|Any CPU
		{75AC935D-25D5-48B2-847C-592E867D1E3A}.Release|Any CPU.ActiveCfg = Release|Any CPU
		{75AC935D-25D5-48B2-847C-592E867D1E3A}.Release|Any CPU.Build.0 = Release|Any CPU
	EndGlobalSection
	GlobalSection(SolutionProperties) = preSolution
		HideSolutionNode = FALSE
	EndGlobalSection
	GlobalSection(ExtensibilityGlobals) = postSolution
		SolutionGuid = {3F552624-B338-4F5A-8297-FD6166B17AD8}
	EndGlobalSection
EndGlobal
